github.com/oirik/gosubcommand v0.0.0-20181009132036-939dbbd624ef h1:5KeRuFzrI1tWLZzcUDsz8SV4XB9NHxgLU4PqVhiTYhs=
github.com/oirik/gosubcommand v0.0.0-20181009132036-939dbbd624ef/go.mod h1:x6TjL9o4OzdaBRj1mgD/dlH8/wOVl/hXLObxDMn7+f4=
github.com/pkg/errors v0.9.1 h1:FEBLx1zS214owpjy7qsBeixbURkuhQAwrK5UwLGTwt4=
github.com/pkg/errors v0.9.1/go.mod h1:bwawxfHBFNV+L2hUp1rHADufV3IMtnDRdf1r5NINEl0=
golang.org/x/text v0.21.0 h1:zyQAAkrwaneQ066sspRyJaG9VNi/YJ1NfzcGB3hZ/qo=
golang.org/x/text v0.21.0/go.mod h1:4IBbMaMmOPCJ8SecivzSH54+73PCFmPWxNTLm+vZkEQ=
